<?xml version="1.0" encoding="UTF-8"?>
<Scheme
   LastUpgradeVersion = "0720"
   version = "1.3">
   <BuildAction
      parallelizeBuildables = "YES"
      buildImplicitDependencies = "YES">
      <BuildActionEntries>
         <BuildActionEntry
            buildForTesting = "YES"
            buildForRunning = "YES"
            buildForProfiling = "YES"
            buildForArchiving = "YES"
            buildForAnalyzing = "YES">
            <BuildableReference
               BuildableIdentifier = "primary"
               BlueprintIdentifier = "7CCF4FAB1C61E34600E16863"
               BuildableName = "ZTNC.app"
               BlueprintName = "ZTNC"
               ReferencedContainer = "container:ZTNC.xcodeproj">
            </BuildableReference>
         </BuildActionEntry>
      </BuildActionEntries>
   </BuildAction>
   <TestAction
      buildConfiguration = "Debug"
      selectedDebuggerIdentifier = "Xcode.DebuggerFoundation.Debugger.LLDB"
      selectedLauncherIdentifier = "Xcode.DebuggerFoundation.Launcher.LLDB"
      shouldUseLaunchSchemeArgsEnv = "YES">
      <Testables>
         <TestableReference
            skipped = "NO">
            <BuildableReference
               BuildableIdentifier = "primary"
               BlueprintIdentifier = "7CCF4FBF1C61E34600E16863"
               BuildableName = "ZTNCTests.xctest"
               BlueprintName = "ZTNCTests"
               ReferencedContainer = "container:ZTNC.xcodeproj">
            </BuildableReference>
         </TestableReference>
         <TestableReference
            skipped = "NO">
            <BuildableReference
               BuildableIdentifier = "primary"
               BlueprintIdentifier = "7CCF4FCA1C61E34600E16863"
               BuildableName = "ZTNCUITests.xctest"
               BlueprintName = "ZTNCUITests"
               ReferencedContainer = "container:ZTNC.xcodeproj">
            </BuildableReference>
         </TestableReference>
         <TestableReference
            skipped = "NO">
            <BuildableReference
               BuildableIdentifier = "primary"
               BlueprintIdentifier = "7C7A2C5C1C6217A200497D52"
               BuildableName = "ZeroTierTests.xctest"
               BlueprintName = "ZeroTierTests"
               ReferencedContainer = "container:ZTNC.xcodeproj">
            </BuildableReference>
         </TestableReference>
         <TestableReference
            skipped = "NO">
            <BuildableReference
               BuildableIdentifier = "primary"
               BlueprintIdentifier = "7CBB21431C6D56640081A2B7"
               BuildableName = "NewFrameworkTests.xctest"
               BlueprintName = "NewFrameworkTests"
               ReferencedContainer = "container:ZTNC.xcodeproj">
            </BuildableReference>
         </TestableReference>
      </Testables>
      <MacroExpansion>
         <BuildableReference
            BuildableIdentifier = "primary"
            BlueprintIdentifier = "7CCF4FAB1C61E34600E16863"
            BuildableName = "ZTNC.app"
            BlueprintName = "ZTNC"
            ReferencedContainer = "container:ZTNC.xcodeproj">
         </BuildableReference>
      </MacroExpansion>
      <AdditionalOptions>
      </AdditionalOptions>
   </TestAction>
   <LaunchAction
      buildConfiguration = "Debug"
      selectedDebuggerIdentifier = "Xcode.DebuggerFoundation.Debugger.LLDB"
      selectedLauncherIdentifier = "Xcode.DebuggerFoundation.Launcher.LLDB"
      launchStyle = "0"
      useCustomWorkingDirectory = "NO"
      ignoresPersistentStateOnLaunch = "NO"
      debugDocumentVersioning = "YES"
      debugServiceExtension = "internal"
      allowLocationSimulation = "YES">
      <BuildableProductRunnable
         runnableDebuggingMode = "0">
         <BuildableReference
            BuildableIdentifier = "primary"
            BlueprintIdentifier = "7CCF4FAB1C61E34600E16863"
            BuildableName = "ZTNC.app"
            BlueprintName = "ZTNC"
            ReferencedContainer = "container:ZTNC.xcodeproj">
         </BuildableReference>
      </BuildableProductRunnable>
      <AdditionalOptions>
      </AdditionalOptions>
   </LaunchAction>
   <ProfileAction
      buildConfiguration = "Release"
      shouldUseLaunchSchemeArgsEnv = "YES"
      savedToolIdentifier = ""
      useCustomWorkingDirectory = "NO"
      debugDocumentVersioning = "YES">
      <BuildableProductRunnable
         runnableDebuggingMode = "0">
         <BuildableReference
            BuildableIdentifier = "primary"
            BlueprintIdentifier = "7CCF4FAB1C61E34600E16863"
            BuildableName = "ZTNC.app"
            BlueprintName = "ZTNC"
            ReferencedContainer = "container:ZTNC.xcodeproj">
         </BuildableReference>
      </BuildableProductRunnable>
   </ProfileAction>
   <AnalyzeAction
      buildConfiguration = "Debug">
   </AnalyzeAction>
   <ArchiveAction
      buildConfiguration = "Release"
      revealArchiveInOrganizer = "YES">
   </ArchiveAction>
</Scheme>
